
Microsoft Visual Studio Solution File, Format Version 12.00
# Visual Studio 15
VisualStudioVersion = 15.0.28307.168
MinimumVisualStudioVersion = 10.0.40219.1
Project("{FAE04EC0-301F-11D3-BF4B-00C04F79EFBC}") = "MemoryGame", "MemoryGame\MemoryGame.csproj", "{A9079A4F-ED5C-4042-82A5-3FD1CE62959E}"
EndProject
Global
	GlobalSection(SolutionConfigurationPlatforms) = preSolution
		Debug|Any CPU = Debug|Any CPU
		Release|Any CPU = Release|Any CPU
	EndGlobalSection
	GlobalSection(ProjectConfigurationPlatforms) = postSolution
		{A9079A4F-ED5C-4042-82A5-3FD1CE62959E}.Debug|Any CPU.ActiveCfg = Debug|Any CPU
		{A9079A4F-ED5C-4042-82A5-3FD1CE62959E}.Debug|Any CPU.Build.0 = Debug|Any CPU
		{A9079A4F-ED5C-4042-82A5-3FD1CE62959E}.Release|Any CPU.ActiveCfg = Release|Any CPU
		{A9079A4F-ED5C-4042-82A5-3FD1CE62959E}.Release|Any CPU.Build.0 = Release|Any CPU
	EndGlobalSection
	GlobalSection(SolutionProperties) = preSolution
		HideSolutionNode = FALSE
	EndGlobalSection
	GlobalSection(ExtensibilityGlobals) = postSolution
		SolutionGuid = {35B83DD2-0BF2-4007-86F8-1837AEEF969B}
	EndGlobalSection
EndGlobal
